
Microsoft Visual Studio Solution File, Format Version 12.00
# Visual Studio 14
VisualStudioVersion = 14.0.25420.1
MinimumVisualStudioVersion = 10.0.40219.1
Project("{FAE04EC0-301F-11D3-BF4B-00C04F79EFBC}") = "WebApplication3", "WebApplication3\WebApplication3.csproj", "{BB788821-5EE3-42BA-8320-C9D135F3100D}"
EndProject
Project("{FAE04EC0-301F-11D3-BF4B-00C04F79EFBC}") = "WindowsFormsApplication1", "WindowsFormsApplication1\WindowsFormsApplication1.csproj", "{491483D0-3C1A-4632-A561-1B236832F499}"
EndProject
Global
	GlobalSection(SolutionConfigurationPlatforms) = preSolution
		Debug|Any CPU = Debug|Any CPU
		Release|Any CPU = Release|Any CPU
	EndGlobalSection
	GlobalSection(ProjectConfigurationPlatforms) = postSolution
		{BB788821-5EE3-42BA-8320-C9D135F3100D}.Debug|Any CPU.ActiveCfg = Debug|Any CPU
		{BB788821-5EE3-42BA-8320-C9D135F3100D}.Debug|Any CPU.Build.0 = Debug|Any CPU
		{BB788821-5EE3-42BA-8320-C9D135F3100D}.Release|Any CPU.ActiveCfg = Release|Any CPU
		{BB788821-5EE3-42BA-8320-C9D135F3100D}.Release|Any CPU.Build.0 = Release|Any CPU
		{491483D0-3C1A-4632-A561-1B236832F499}.Debug|Any CPU.ActiveCfg = Debug|Any CPU
		{491483D0-3C1A-4632-A561-1B236832F499}.Debug|Any CPU.Build.0 = Debug|Any CPU
		{491483D0-3C1A-4632-A561-1B236832F499}.Release|Any CPU.ActiveCfg = Release|Any CPU
		{491483D0-3C1A-4632-A561-1B236832F499}.Release|Any CPU.Build.0 = Release|Any CPU
	EndGlobalSection
	GlobalSection(SolutionProperties) = preSolution
		HideSolutionNode = FALSE
	EndGlobalSection
EndGlobal
